PODS:
  - CocoaAsyncSocket (7.4.1)
  - KVOController (1.0.3)
  - Mantle (2.0):
    - Mantle/extobjc (= 2.0)
  - Mantle/extobjc (2.0)
  - pop (1.0.7)

DEPENDENCIES:
  - CocoaAsyncSocket
  - KVOController
  - Mantle
  - pop (from `https://github.com/facebook/pop.git`)

EXTERNAL SOURCES:
  pop:
    :git: https://github.com/facebook/pop.git

CHECKOUT OPTIONS:
  pop:
    :commit: 5417ae5479293522596413ea3f111d66f8441c99
    :git: https://github.com/facebook/pop.git

SPEC CHECKSUMS:
  CocoaAsyncSocket: 7cbf214b27f8e7f7574db6a3fd96352ffaed433d
  KVOController: 9fd8f0343670994e4b6f9f0b31f5a45663f3e1cf
  Mantle: d7c75b6fb789b20f7ae30cd0d09435fe545896ff
  pop: 628ffc631644601567ee8bfaaaea493ebd7d0923

COCOAPODS: 0.39.0
