PODS:
  - CocoaAsyncSocket (7.4.1)
  - KVOController (1.0.3)
  - Mantle (1.5.4):
    - Mantle/extobjc (= 1.5.4)
  - Mantle/extobjc (1.5.4)

DEPENDENCIES:
  - CocoaAsyncSocket
  - KVOController
  - Mantle

SPEC CHECKSUMS:
  CocoaAsyncSocket: 7cbf214b27f8e7f7574db6a3fd96352ffaed433d
  KVOController: 9fd8f0343670994e4b6f9f0b31f5a45663f3e1cf
  Mantle: 60acd0cd363e27d945bda0a6b8e90577112d28f3

COCOAPODS: 0.36.0
