PODS:
  - CupertinoJWT (0.2.0)
  - KVOController (1.2.0)
  - Mantle (2.1.0):
    - Mantle/extobjc (= 2.1.0)
  - Mantle/extobjc (2.1.0)
  - pop (1.0.10)

DEPENDENCIES:
  - CupertinoJWT
  - KVOController
  - Mantle
  - pop

SPEC REPOS:
  trunk:
    - CupertinoJWT
    - KVOController
    - Mantle
    - pop

SPEC CHECKSUMS:
  CupertinoJWT: f712fdc2cc422aac8daa301ad1dce05ea9f6b6d6
  KVOController: d72ace34afea42468329623b3379ab3cd1d286b6
  Mantle: 2fa750afa478cd625a94230fbf1c13462f29395b
  pop: 82ca6b068ce9278fd350fd9dd09482a0ce9492e6

PODFILE CHECKSUM: 730f48b4919d2b68e5b0fccc1c6ca54621dec4db

COCOAPODS: 1.8.4
