// !$*UTF8*$!
{
	archiveVersion = 1;
	classes = {
	};
	objectVersion = 46;
	objects = {

/* Begin PBXBuildFile section */
		E4F537C71E02DBBCEE7E4B79 /* libPods-Knuff.a in Frameworks */ = {isa = PBXBuildFile; fileRef = 4664BA2573F4204E05EDA01A /* libPods-Knuff.a */; };
		F4069AF01AB47A60008E79D8 /* APNSItem.m in Sources */ = {isa = PBXBuildFile; fileRef = F4069AEF1AB47A60008E79D8 /* APNSItem.m */; };
		F4069AF61AB589A1008E79D8 /* APNSDevicesViewController.m in Sources */ = {isa = PBXBuildFile; fileRef = F4069AF51AB589A1008E79D8 /* APNSDevicesViewController.m */; };
		F4069AF91AB59F36008E79D8 /* APNSDeviceTableCellView.m in Sources */ = {isa = PBXBuildFile; fileRef = F4069AF81AB59F36008E79D8 /* APNSDeviceTableCellView.m */; };
		F4069AFC1AB5BBB6008E79D8 /* APNSSecIdentityType.m in Sources */ = {isa = PBXBuildFile; fileRef = F4069AFB1AB5BBB6008E79D8 /* APNSSecIdentityType.m */; };
		F4069AFF1AB5BEBC008E79D8 /* SBAPNS.m in Sources */ = {isa = PBXBuildFile; fileRef = F4069AFE1AB5BEBC008E79D8 /* SBAPNS.m */; };
		F40AA5031AC0C7400040B9CA /* DocumentIcon.icns in Resources */ = {isa = PBXBuildFile; fileRef = F40AA5021AC0C7400040B9CA /* DocumentIcon.icns */; };
		F42CC4B51C565BEB00F10549 /* Sparkle.framework in Frameworks */ = {isa = PBXBuildFile; fileRef = F42CC4B41C565BEB00F10549 /* Sparkle.framework */; };
		F42CC4B61C565BEB00F10549 /* Sparkle.framework in Embed Frameworks */ = {isa = PBXBuildFile; fileRef = F42CC4B41C565BEB00F10549 /* Sparkle.framework */; settings = {ATTRIBUTES = (CodeSignOnCopy, RemoveHeadersOnCopy, ); }; };
		F44935B41AEFF186006E5B9D /* APNSIdentityExporter.m in Sources */ = {isa = PBXBuildFile; fileRef = F44935B31AEFF186006E5B9D /* APNSIdentityExporter.m */; };
		F4592A041AB475D000041A6C /* AppDelegate.m in Sources */ = {isa = PBXBuildFile; fileRef = F4592A031AB475D000041A6C /* AppDelegate.m */; };
		F4592A061AB475D000041A6C /* main.m in Sources */ = {isa = PBXBuildFile; fileRef = F4592A051AB475D000041A6C /* main.m */; };
		F4592A091AB475D000041A6C /* APNSViewController.m in Sources */ = {isa = PBXBuildFile; fileRef = F4592A081AB475D000041A6C /* APNSViewController.m */; };
		F4592A0C1AB475D000041A6C /* APNSDocument.m in Sources */ = {isa = PBXBuildFile; fileRef = F4592A0B1AB475D000041A6C /* APNSDocument.m */; };
		F4592A0E1AB475D000041A6C /* Images.xcassets in Resources */ = {isa = PBXBuildFile; fileRef = F4592A0D1AB475D000041A6C /* Images.xcassets */; };
		F4592A111AB475D000041A6C /* Main.storyboard in Resources */ = {isa = PBXBuildFile; fileRef = F4592A0F1AB475D000041A6C /* Main.storyboard */; };
		F46BBD1E1AB6251A00E86409 /* APNSServiceBrowser.m in Sources */ = {isa = PBXBuildFile; fileRef = F46BBD1D1AB6251A00E86409 /* APNSServiceBrowser.m */; };
		F46BBD241AB626AD00E86409 /* APNSServiceDevice.m in Sources */ = {isa = PBXBuildFile; fileRef = F46BBD231AB626AD00E86409 /* APNSServiceDevice.m */; };
		F46BF9031C148A8F003ED597 /* Fragaria.framework in Frameworks */ = {isa = PBXBuildFile; fileRef = F46BF9001C148A60003ED597 /* Fragaria.framework */; };
		F46BF9041C148A8F003ED597 /* Fragaria.framework in Embed Frameworks */ = {isa = PBXBuildFile; fileRef = F46BF9001C148A60003ED597 /* Fragaria.framework */; settings = {ATTRIBUTES = (CodeSignOnCopy, RemoveHeadersOnCopy, ); }; };
		F4D0C7281C4455CE0030EC8F /* Knuff.p12 in Resources */ = {isa = PBXBuildFile; fileRef = F4D0C7271C4455CE0030EC8F /* Knuff.p12 */; };
		F4D364BF1E466E5E00D8EBCC /* dsa_pub.pem in Resources */ = {isa = PBXBuildFile; fileRef = F4D364BE1E466E5D00D8EBCC /* dsa_pub.pem */; };
/* End PBXBuildFile section */

/* Begin PBXContainerItemProxy section */
		F46BF8F51C148A60003ED597 /* PBXContainerItemProxy */ = {
			isa = PBXContainerItemProxy;
			containerPortal = F46BF8EA1C148A60003ED597 /* Fragaria.xcodeproj */;
			proxyType = 2;
			remoteGlobalIDString = AB648E2A11FB385700AEF7BD;
			remoteInfo = "Fragaria Doc";
		};
		F46BF8F71C148A60003ED597 /* PBXContainerItemProxy */ = {
			isa = PBXContainerItemProxy;
			containerPortal = F46BF8EA1C148A60003ED597 /* Fragaria.xcodeproj */;
			proxyType = 2;
			remoteGlobalIDString = ABCA4DAF16137FC000E4849B;
			remoteInfo = "Fragaria Simple";
		};
		F46BF8F91C148A60003ED597 /* PBXContainerItemProxy */ = {
			isa = PBXContainerItemProxy;
			containerPortal = F46BF8EA1C148A60003ED597 /* Fragaria.xcodeproj */;
			proxyType = 2;
			remoteGlobalIDString = D0C1464C1A87196200DDE90A;
			remoteInfo = "Fragaria Complex";
		};
		F46BF8FB1C148A60003ED597 /* PBXContainerItemProxy */ = {
			isa = PBXContainerItemProxy;
			containerPortal = F46BF8EA1C148A60003ED597 /* Fragaria.xcodeproj */;
			proxyType = 2;
			remoteGlobalIDString = D0718B501AB551460073493A;
			remoteInfo = "Fragaria Prefs";
		};
		F46BF8FD1C148A60003ED597 /* PBXContainerItemProxy */ = {
			isa = PBXContainerItemProxy;
			containerPortal = F46BF8EA1C148A60003ED597 /* Fragaria.xcodeproj */;
			proxyType = 2;
			remoteGlobalIDString = 01F0D6FC1C120F7D000A08B6;
			remoteInfo = "Fragaria Swift";
		};
		F46BF8FF1C148A60003ED597 /* PBXContainerItemProxy */ = {
			isa = PBXContainerItemProxy;
			containerPortal = F46BF8EA1C148A60003ED597 /* Fragaria.xcodeproj */;
			proxyType = 2;
			remoteGlobalIDString = AB69B62B118B745700903D1D;
			remoteInfo = Fragaria;
		};
		F46BF9011C148A60003ED597 /* PBXContainerItemProxy */ = {
			isa = PBXContainerItemProxy;
			containerPortal = F46BF8EA1C148A60003ED597 /* Fragaria.xcodeproj */;
			proxyType = 2;
			remoteGlobalIDString = D0E5210D1A90E34F005CB80B;
			remoteInfo = "Fragaria Tests";
		};
		F46BF9051C148A8F003ED597 /* PBXContainerItemProxy */ = {
			isa = PBXContainerItemProxy;
			containerPortal = F46BF8EA1C148A60003ED597 /* Fragaria.xcodeproj */;
			proxyType = 1;
			remoteGlobalIDString = AB69B62A118B745700903D1D;
			remoteInfo = Fragaria;
		};
/* End PBXContainerItemProxy section */

/* Begin PBXCopyFilesBuildPhase section */
		F43C1EEA1AC329C9001D9501 /* Embed Frameworks */ = {
			isa = PBXCopyFilesBuildPhase;
			buildActionMask = 2147483647;
			dstPath = "";
			dstSubfolderSpec = 10;
			files = (
				F46BF9041C148A8F003ED597 /* Fragaria.framework in Embed Frameworks */,
				F42CC4B61C565BEB00F10549 /* Sparkle.framework in Embed Frameworks */,
			);
			name = "Embed Frameworks";
			runOnlyForDeploymentPostprocessing = 0;
		};
/* End PBXCopyFilesBuildPhase section */

/* Begin PBXFileReference section */
		4664BA2573F4204E05EDA01A /* libPods-Knuff.a */ = {isa = PBXFileReference; explicitFileType = archive.ar; includeInIndex = 0; path = "libPods-Knuff.a"; sourceTree = BUILT_PRODUCTS_DIR; };
		9770263A3A3A9B43628811DF /* Pods-Knuff.release.xcconfig */ = {isa = PBXFileReference; includeInIndex = 1; lastKnownFileType = text.xcconfig; name = "Pods-Knuff.release.xcconfig"; path = "Pods/Target Support Files/Pods-Knuff/Pods-Knuff.release.xcconfig"; sourceTree = "<group>"; };
		DC2EADEF87C1C11E371F946F /* Pods-Knuff.debug.xcconfig */ = {isa = PBXFileReference; includeInIndex = 1; lastKnownFileType = text.xcconfig; name = "Pods-Knuff.debug.xcconfig"; path = "Pods/Target Support Files/Pods-Knuff/Pods-Knuff.debug.xcconfig"; sourceTree = "<group>"; };
		F4069AEE1AB47A60008E79D8 /* APNSItem.h */ = {isa = PBXFileReference; fileEncoding = 4; lastKnownFileType = sourcecode.c.h; path = APNSItem.h; sourceTree = "<group>"; };
		F4069AEF1AB47A60008E79D8 /* APNSItem.m */ = {isa = PBXFileReference; fileEncoding = 4; lastKnownFileType = sourcecode.c.objc; path = APNSItem.m; sourceTree = "<group>"; };
		F4069AF41AB589A1008E79D8 /* APNSDevicesViewController.h */ = {isa = PBXFileReference; fileEncoding = 4; lastKnownFileType = sourcecode.c.h; path = APNSDevicesViewController.h; sourceTree = "<group>"; };
		F4069AF51AB589A1008E79D8 /* APNSDevicesViewController.m */ = {isa = PBXFileReference; fileEncoding = 4; lastKnownFileType = sourcecode.c.objc; path = APNSDevicesViewController.m; sourceTree = "<group>"; };
		F4069AF71AB59F36008E79D8 /* APNSDeviceTableCellView.h */ = {isa = PBXFileReference; fileEncoding = 4; lastKnownFileType = sourcecode.c.h; path = APNSDeviceTableCellView.h; sourceTree = "<group>"; };
		F4069AF81AB59F36008E79D8 /* APNSDeviceTableCellView.m */ = {isa = PBXFileReference; fileEncoding = 4; lastKnownFileType = sourcecode.c.objc; path = APNSDeviceTableCellView.m; sourceTree = "<group>"; };
		F4069AFA1AB5BBB6008E79D8 /* APNSSecIdentityType.h */ = {isa = PBXFileReference; fileEncoding = 4; lastKnownFileType = sourcecode.c.h; path = APNSSecIdentityType.h; sourceTree = "<group>"; };
		F4069AFB1AB5BBB6008E79D8 /* APNSSecIdentityType.m */ = {isa = PBXFileReference; fileEncoding = 4; lastKnownFileType = sourcecode.c.objc; path = APNSSecIdentityType.m; sourceTree = "<group>"; };
		F4069AFD1AB5BEBC008E79D8 /* SBAPNS.h */ = {isa = PBXFileReference; fileEncoding = 4; lastKnownFileType = sourcecode.c.h; path = SBAPNS.h; sourceTree = "<group>"; };
		F4069AFE1AB5BEBC008E79D8 /* SBAPNS.m */ = {isa = PBXFileReference; fileEncoding = 4; lastKnownFileType = sourcecode.c.objc; path = SBAPNS.m; sourceTree = "<group>"; };
		F40AA5021AC0C7400040B9CA /* DocumentIcon.icns */ = {isa = PBXFileReference; lastKnownFileType = image.icns; path = DocumentIcon.icns; sourceTree = "<group>"; };
		F42CC4B41C565BEB00F10549 /* Sparkle.framework */ = {isa = PBXFileReference; lastKnownFileType = wrapper.framework; name = Sparkle.framework; path = ../Sparkle.framework; sourceTree = "<group>"; };
		F44935B21AEFF186006E5B9D /* APNSIdentityExporter.h */ = {isa = PBXFileReference; fileEncoding = 4; lastKnownFileType = sourcecode.c.h; path = APNSIdentityExporter.h; sourceTree = "<group>"; };
		F44935B31AEFF186006E5B9D /* APNSIdentityExporter.m */ = {isa = PBXFileReference; fileEncoding = 4; lastKnownFileType = sourcecode.c.objc; path = APNSIdentityExporter.m; sourceTree = "<group>"; };
		F45929FD1AB475D000041A6C /* Knuff.app */ = {isa = PBXFileReference; explicitFileType = wrapper.application; includeInIndex = 0; path = Knuff.app; sourceTree = BUILT_PRODUCTS_DIR; };
		F4592A011AB475D000041A6C /* Info.plist */ = {isa = PBXFileReference; lastKnownFileType = text.plist.xml; path = Info.plist; sourceTree = "<group>"; };
		F4592A021AB475D000041A6C /* AppDelegate.h */ = {isa = PBXFileReference; lastKnownFileType = sourcecode.c.h; path = AppDelegate.h; sourceTree = "<group>"; };
		F4592A031AB475D000041A6C /* AppDelegate.m */ = {isa = PBXFileReference; lastKnownFileType = sourcecode.c.objc; path = AppDelegate.m; sourceTree = "<group>"; };
		F4592A051AB475D000041A6C /* main.m */ = {isa = PBXFileReference; lastKnownFileType = sourcecode.c.objc; path = main.m; sourceTree = "<group>"; };
		F4592A071AB475D000041A6C /* APNSViewController.h */ = {isa = PBXFileReference; lastKnownFileType = sourcecode.c.h; path = APNSViewController.h; sourceTree = "<group>"; };
		F4592A081AB475D000041A6C /* APNSViewController.m */ = {isa = PBXFileReference; lastKnownFileType = sourcecode.c.objc; path = APNSViewController.m; sourceTree = "<group>"; };
		F4592A0A1AB475D000041A6C /* APNSDocument.h */ = {isa = PBXFileReference; lastKnownFileType = sourcecode.c.h; path = APNSDocument.h; sourceTree = "<group>"; };
		F4592A0B1AB475D000041A6C /* APNSDocument.m */ = {isa = PBXFileReference; lastKnownFileType = sourcecode.c.objc; path = APNSDocument.m; sourceTree = "<group>"; };
		F4592A0D1AB475D000041A6C /* Images.xcassets */ = {isa = PBXFileReference; lastKnownFileType = folder.assetcatalog; path = Images.xcassets; sourceTree = "<group>"; };
		F4592A101AB475D000041A6C /* Base */ = {isa = PBXFileReference; lastKnownFileType = file.storyboard; name = Base; path = Base.lproj/Main.storyboard; sourceTree = "<group>"; };
		F4592A1B1AB475D000041A6C /* Info.plist */ = {isa = PBXFileReference; lastKnownFileType = text.plist.xml; path = Info.plist; sourceTree = "<group>"; };
		F4592A1C1AB475D000041A6C /* APNS_PusherTests.m */ = {isa = PBXFileReference; lastKnownFileType = sourcecode.c.objc; path = APNS_PusherTests.m; sourceTree = "<group>"; };
		F46BBD1C1AB6251A00E86409 /* APNSServiceBrowser.h */ = {isa = PBXFileReference; fileEncoding = 4; lastKnownFileType = sourcecode.c.h; path = APNSServiceBrowser.h; sourceTree = "<group>"; };
		F46BBD1D1AB6251A00E86409 /* APNSServiceBrowser.m */ = {isa = PBXFileReference; fileEncoding = 4; lastKnownFileType = sourcecode.c.objc; path = APNSServiceBrowser.m; sourceTree = "<group>"; };
		F46BBD221AB626AD00E86409 /* APNSServiceDevice.h */ = {isa = PBXFileReference; fileEncoding = 4; lastKnownFileType = sourcecode.c.h; path = APNSServiceDevice.h; sourceTree = "<group>"; };
		F46BBD231AB626AD00E86409 /* APNSServiceDevice.m */ = {isa = PBXFileReference; fileEncoding = 4; lastKnownFileType = sourcecode.c.objc; path = APNSServiceDevice.m; sourceTree = "<group>"; };
		F46BF8EA1C148A60003ED597 /* Fragaria.xcodeproj */ = {isa = PBXFileReference; lastKnownFileType = "wrapper.pb-project"; path = Fragaria.xcodeproj; sourceTree = "<group>"; };
		F4D0C7271C4455CE0030EC8F /* Knuff.p12 */ = {isa = PBXFileReference; lastKnownFileType = file; path = Knuff.p12; sourceTree = "<group>"; };
		F4D364BE1E466E5D00D8EBCC /* dsa_pub.pem */ = {isa = PBXFileReference; fileEncoding = 4; lastKnownFileType = text; path = dsa_pub.pem; sourceTree = "<group>"; };
/* End PBXFileReference section */

/* Begin PBXFrameworksBuildPhase section */
		F45929FA1AB475D000041A6C /* Frameworks */ = {
			isa = PBXFrameworksBuildPhase;
			buildActionMask = 2147483647;
			files = (
				F42CC4B51C565BEB00F10549 /* Sparkle.framework in Frameworks */,
				F46BF9031C148A8F003ED597 /* Fragaria.framework in Frameworks */,
				E4F537C71E02DBBCEE7E4B79 /* libPods-Knuff.a in Frameworks */,
			);
			runOnlyForDeploymentPostprocessing = 0;
		};
/* End PBXFrameworksBuildPhase section */

/* Begin PBXGroup section */
		26BF8A2DD3191BB117FB8A6C /* Frameworks */ = {
			isa = PBXGroup;
			children = (
				4664BA2573F4204E05EDA01A /* libPods-Knuff.a */,
			);
			name = Frameworks;
			sourceTree = "<group>";
		};
		7F1C710D1E10C5ABBF288CCC /* Pods */ = {
			isa = PBXGroup;
			children = (
				DC2EADEF87C1C11E371F946F /* Pods-Knuff.debug.xcconfig */,
				9770263A3A3A9B43628811DF /* Pods-Knuff.release.xcconfig */,
			);
			name = Pods;
			sourceTree = "<group>";
		};
		F45929F41AB475D000041A6C = {
			isa = PBXGroup;
			children = (
				F4CBBBD51AC328D000ED7B44 /* Vendor */,
				F45929FF1AB475D000041A6C /* Knuff */,
				F4592A191AB475D000041A6C /* KnuffTests */,
				F45929FE1AB475D000041A6C /* Products */,
				7F1C710D1E10C5ABBF288CCC /* Pods */,
				26BF8A2DD3191BB117FB8A6C /* Frameworks */,
			);
			sourceTree = "<group>";
		};
		F45929FE1AB475D000041A6C /* Products */ = {
			isa = PBXGroup;
			children = (
				F45929FD1AB475D000041A6C /* Knuff.app */,
			);
			name = Products;
			sourceTree = "<group>";
		};
		F45929FF1AB475D000041A6C /* Knuff */ = {
			isa = PBXGroup;
			children = (
				F4D364BE1E466E5D00D8EBCC /* dsa_pub.pem */,
				F4D0C7271C4455CE0030EC8F /* Knuff.p12 */,
				F4069AFD1AB5BEBC008E79D8 /* SBAPNS.h */,
				F4069AFE1AB5BEBC008E79D8 /* SBAPNS.m */,
				F4069AEE1AB47A60008E79D8 /* APNSItem.h */,
				F4069AEF1AB47A60008E79D8 /* APNSItem.m */,
				F4592A021AB475D000041A6C /* AppDelegate.h */,
				F4592A031AB475D000041A6C /* AppDelegate.m */,
				F4592A071AB475D000041A6C /* APNSViewController.h */,
				F4592A081AB475D000041A6C /* APNSViewController.m */,
				F4592A0A1AB475D000041A6C /* APNSDocument.h */,
				F4592A0B1AB475D000041A6C /* APNSDocument.m */,
				F4069AF41AB589A1008E79D8 /* APNSDevicesViewController.h */,
				F4069AF51AB589A1008E79D8 /* APNSDevicesViewController.m */,
				F4069AFA1AB5BBB6008E79D8 /* APNSSecIdentityType.h */,
				F4069AFB1AB5BBB6008E79D8 /* APNSSecIdentityType.m */,
				F40AA5021AC0C7400040B9CA /* DocumentIcon.icns */,
				F4592A0D1AB475D000041A6C /* Images.xcassets */,
				F4592A0F1AB475D000041A6C /* Main.storyboard */,
				F4592A001AB475D000041A6C /* Supporting Files */,
				F4069AF71AB59F36008E79D8 /* APNSDeviceTableCellView.h */,
				F4069AF81AB59F36008E79D8 /* APNSDeviceTableCellView.m */,
				F46BBD1C1AB6251A00E86409 /* APNSServiceBrowser.h */,
				F46BBD1D1AB6251A00E86409 /* APNSServiceBrowser.m */,
				F46BBD221AB626AD00E86409 /* APNSServiceDevice.h */,
				F46BBD231AB626AD00E86409 /* APNSServiceDevice.m */,
				F44935B21AEFF186006E5B9D /* APNSIdentityExporter.h */,
				F44935B31AEFF186006E5B9D /* APNSIdentityExporter.m */,
			);
			path = Knuff;
			sourceTree = "<group>";
		};
		F4592A001AB475D000041A6C /* Supporting Files */ = {
			isa = PBXGroup;
			children = (
				F4592A011AB475D000041A6C /* Info.plist */,
				F4592A051AB475D000041A6C /* main.m */,
			);
			name = "Supporting Files";
			sourceTree = "<group>";
		};
		F4592A191AB475D000041A6C /* KnuffTests */ = {
			isa = PBXGroup;
			children = (
				F4592A1C1AB475D000041A6C /* APNS_PusherTests.m */,
				F4592A1A1AB475D000041A6C /* Supporting Files */,
			);
			path = KnuffTests;
			sourceTree = "<group>";
		};
		F4592A1A1AB475D000041A6C /* Supporting Files */ = {
			isa = PBXGroup;
			children = (
				F4592A1B1AB475D000041A6C /* Info.plist */,
			);
			name = "Supporting Files";
			sourceTree = "<group>";
		};
		F46BF8E91C148A46003ED597 /* Fragaria */ = {
			isa = PBXGroup;
			children = (
				F46BF8EA1C148A60003ED597 /* Fragaria.xcodeproj */,
			);
			path = Fragaria;
			sourceTree = "<group>";
		};
		F46BF8EB1C148A60003ED597 /* Products */ = {
			isa = PBXGroup;
			children = (
				F46BF8F61C148A60003ED597 /* Fragaria Doc.app */,
				F46BF8F81C148A60003ED597 /* Fragaria Simple.app */,
				F46BF8FA1C148A60003ED597 /* Fragaria Complex.app */,
				F46BF8FC1C148A60003ED597 /* Fragaria Prefs.app */,
				F46BF8FE1C148A60003ED597 /* Fragaria Swift.app */,
				F46BF9001C148A60003ED597 /* Fragaria.framework */,
				F46BF9021C148A60003ED597 /* Fragaria Tests.xctest */,
			);
			name = Products;
			sourceTree = "<group>";
		};
		F4CBBBD51AC328D000ED7B44 /* Vendor */ = {
			isa = PBXGroup;
			children = (
				F42CC4B41C565BEB00F10549 /* Sparkle.framework */,
				F46BF8E91C148A46003ED597 /* Fragaria */,
			);
			path = Vendor;
			sourceTree = "<group>";
		};
/* End PBXGroup section */

/* Begin PBXNativeTarget section */
		F45929FC1AB475D000041A6C /* Knuff */ = {
			isa = PBXNativeTarget;
			buildConfigurationList = F4592A201AB475D000041A6C /* Build configuration list for PBXNativeTarget "Knuff" */;
			buildPhases = (
				7D395788BCACB60A7AF824F5 /* [CP] Check Pods Manifest.lock */,
				F45929F91AB475D000041A6C /* Sources */,
				F45929FA1AB475D000041A6C /* Frameworks */,
				F45929FB1AB475D000041A6C /* Resources */,
				F43C1EEA1AC329C9001D9501 /* Embed Frameworks */,
				3EB8D0D35774DECFB29FAA7F /* [CP] Embed Pods Frameworks */,
				05A1DB78D60784A3D04A0F7D /* [CP] Copy Pods Resources */,
			);
			buildRules = (
			);
			dependencies = (
				F46BF9061C148A8F003ED597 /* PBXTargetDependency */,
			);
			name = Knuff;
			productName = "APNS Pusher";
			productReference = F45929FD1AB475D000041A6C /* Knuff.app */;
			productType = "com.apple.product-type.application";
		};
/* End PBXNativeTarget section */

/* Begin PBXProject section */
		F45929F51AB475D000041A6C /* Project object */ = {
			isa = PBXProject;
			attributes = {
				LastUpgradeCheck = 0800;
				ORGANIZATIONNAME = Bowtie;
				TargetAttributes = {
					F45929FC1AB475D000041A6C = {
						CreatedOnToolsVersion = 6.2;
						DevelopmentTeam = N2ML8MSSRH;
						LastSwiftMigration = 0800;
						ProvisioningStyle = Automatic;
						SystemCapabilities = {
							com.apple.Sandbox = {
								enabled = 0;
							};
							com.apple.iCloud = {
								enabled = 0;
							};
						};
					};
				};
			};
			buildConfigurationList = F45929F81AB475D000041A6C /* Build configuration list for PBXProject "Knuff" */;
			compatibilityVersion = "Xcode 3.2";
			developmentRegion = English;
			hasScannedForEncodings = 0;
			knownRegions = (
				en,
				Base,
			);
			mainGroup = F45929F41AB475D000041A6C;
			productRefGroup = F45929FE1AB475D000041A6C /* Products */;
			projectDirPath = "";
			projectReferences = (
				{
					ProductGroup = F46BF8EB1C148A60003ED597 /* Products */;
					ProjectRef = F46BF8EA1C148A60003ED597 /* Fragaria.xcodeproj */;
				},
			);
			projectRoot = "";
			targets = (
				F45929FC1AB475D000041A6C /* Knuff */,
			);
		};
/* End PBXProject section */

/* Begin PBXReferenceProxy section */
		F46BF8F61C148A60003ED597 /* Fragaria Doc.app */ = {
			isa = PBXReferenceProxy;
			fileType = wrapper.application;
			path = "Fragaria Doc.app";
			remoteRef = F46BF8F51C148A60003ED597 /* PBXContainerItemProxy */;
			sourceTree = BUILT_PRODUCTS_DIR;
		};
		F46BF8F81C148A60003ED597 /* Fragaria Simple.app */ = {
			isa = PBXReferenceProxy;
			fileType = wrapper.application;
			path = "Fragaria Simple.app";
			remoteRef = F46BF8F71C148A60003ED597 /* PBXContainerItemProxy */;
			sourceTree = BUILT_PRODUCTS_DIR;
		};
		F46BF8FA1C148A60003ED597 /* Fragaria Complex.app */ = {
			isa = PBXReferenceProxy;
			fileType = wrapper.application;
			path = "Fragaria Complex.app";
			remoteRef = F46BF8F91C148A60003ED597 /* PBXContainerItemProxy */;
			sourceTree = BUILT_PRODUCTS_DIR;
		};
		F46BF8FC1C148A60003ED597 /* Fragaria Prefs.app */ = {
			isa = PBXReferenceProxy;
			fileType = wrapper.application;
			path = "Fragaria Prefs.app";
			remoteRef = F46BF8FB1C148A60003ED597 /* PBXContainerItemProxy */;
			sourceTree = BUILT_PRODUCTS_DIR;
		};
		F46BF8FE1C148A60003ED597 /* Fragaria Swift.app */ = {
			isa = PBXReferenceProxy;
			fileType = wrapper.application;
			path = "Fragaria Swift.app";
			remoteRef = F46BF8FD1C148A60003ED597 /* PBXContainerItemProxy */;
			sourceTree = BUILT_PRODUCTS_DIR;
		};
		F46BF9001C148A60003ED597 /* Fragaria.framework */ = {
			isa = PBXReferenceProxy;
			fileType = wrapper.framework;
			path = Fragaria.framework;
			remoteRef = F46BF8FF1C148A60003ED597 /* PBXContainerItemProxy */;
			sourceTree = BUILT_PRODUCTS_DIR;
		};
		F46BF9021C148A60003ED597 /* Fragaria Tests.xctest */ = {
			isa = PBXReferenceProxy;
			fileType = wrapper.cfbundle;
			path = "Fragaria Tests.xctest";
			remoteRef = F46BF9011C148A60003ED597 /* PBXContainerItemProxy */;
			sourceTree = BUILT_PRODUCTS_DIR;
		};
/* End PBXReferenceProxy section */

/* Begin PBXResourcesBuildPhase section */
		F45929FB1AB475D000041A6C /* Resources */ = {
			isa = PBXResourcesBuildPhase;
			buildActionMask = 2147483647;
			files = (
				F4D364BF1E466E5E00D8EBCC /* dsa_pub.pem in Resources */,
				F4D0C7281C4455CE0030EC8F /* Knuff.p12 in Resources */,
				F4592A0E1AB475D000041A6C /* Images.xcassets in Resources */,
				F4592A111AB475D000041A6C /* Main.storyboard in Resources */,
				F40AA5031AC0C7400040B9CA /* DocumentIcon.icns in Resources */,
			);
			runOnlyForDeploymentPostprocessing = 0;
		};
/* End PBXResourcesBuildPhase section */

/* Begin PBXShellScriptBuildPhase section */
		05A1DB78D60784A3D04A0F7D /* [CP] Copy Pods Resources */ = {
			isa = PBXShellScriptBuildPhase;
			buildActionMask = 2147483647;
			files = (
			);
			inputPaths = (
			);
			name = "[CP] Copy Pods Resources";
			outputPaths = (
			);
			runOnlyForDeploymentPostprocessing = 0;
			shellPath = /bin/sh;
			shellScript = "\"${SRCROOT}/Pods/Target Support Files/Pods-Knuff/Pods-Knuff-resources.sh\"\n";
			showEnvVarsInLog = 0;
		};
		3EB8D0D35774DECFB29FAA7F /* [CP] Embed Pods Frameworks */ = {
			isa = PBXShellScriptBuildPhase;
			buildActionMask = 2147483647;
			files = (
			);
			inputPaths = (
			);
			name = "[CP] Embed Pods Frameworks";
			outputPaths = (
			);
			runOnlyForDeploymentPostprocessing = 0;
			shellPath = /bin/sh;
			shellScript = "\"${SRCROOT}/Pods/Target Support Files/Pods-Knuff/Pods-Knuff-frameworks.sh\"\n";
			showEnvVarsInLog = 0;
		};
		7D395788BCACB60A7AF824F5 /* [CP] Check Pods Manifest.lock */ = {
			isa = PBXShellScriptBuildPhase;
			buildActionMask = 2147483647;
			files = (
			);
			inputPaths = (
			);
			name = "[CP] Check Pods Manifest.lock";
			outputPaths = (
			);
			runOnlyForDeploymentPostprocessing = 0;
			shellPath = /bin/sh;
			shellScript = "diff \"${PODS_ROOT}/../Podfile.lock\" \"${PODS_ROOT}/Manifest.lock\" > /dev/null\nif [[ $? != 0 ]] ; then\n    cat << EOM\nerror: The sandbox is not in sync with the Podfile.lock. Run 'pod install' or update your CocoaPods installation.\nEOM\n    exit 1\nfi\n";
			showEnvVarsInLog = 0;
		};
/* End PBXShellScriptBuildPhase section */

/* Begin PBXSourcesBuildPhase section */
		F45929F91AB475D000041A6C /* Sources */ = {
			isa = PBXSourcesBuildPhase;
			buildActionMask = 2147483647;
			files = (
				F4069AFF1AB5BEBC008E79D8 /* SBAPNS.m in Sources */,
				F46BBD241AB626AD00E86409 /* APNSServiceDevice.m in Sources */,
				F4592A0C1AB475D000041A6C /* APNSDocument.m in Sources */,
				F46BBD1E1AB6251A00E86409 /* APNSServiceBrowser.m in Sources */,
				F4069AFC1AB5BBB6008E79D8 /* APNSSecIdentityType.m in Sources */,
				F4592A091AB475D000041A6C /* APNSViewController.m in Sources */,
				F44935B41AEFF186006E5B9D /* APNSIdentityExporter.m in Sources */,
				F4069AF91AB59F36008E79D8 /* APNSDeviceTableCellView.m in Sources */,
				F4592A061AB475D000041A6C /* main.m in Sources */,
				F4069AF01AB47A60008E79D8 /* APNSItem.m in Sources */,
				F4069AF61AB589A1008E79D8 /* APNSDevicesViewController.m in Sources */,
				F4592A041AB475D000041A6C /* AppDelegate.m in Sources */,
			);
			runOnlyForDeploymentPostprocessing = 0;
		};
/* End PBXSourcesBuildPhase section */

/* Begin PBXTargetDependency section */
		F46BF9061C148A8F003ED597 /* PBXTargetDependency */ = {
			isa = PBXTargetDependency;
			name = Fragaria;
			targetProxy = F46BF9051C148A8F003ED597 /* PBXContainerItemProxy */;
		};
/* End PBXTargetDependency section */

/* Begin PBXVariantGroup section */
		F4592A0F1AB475D000041A6C /* Main.storyboard */ = {
			isa = PBXVariantGroup;
			children = (
				F4592A101AB475D000041A6C /* Base */,
			);
			name = Main.storyboard;
			sourceTree = "<group>";
		};
/* End PBXVariantGroup section */

/* Begin XCBuildConfiguration section */
		F4592A1E1AB475D000041A6C /* Debug */ = {
			isa = XCBuildConfiguration;
			buildSettings = {
				ALWAYS_SEARCH_USER_PATHS = NO;
				CLANG_CXX_LANGUAGE_STANDARD = "gnu++0x";
				CLANG_CXX_LIBRARY = "libc++";
				CLANG_ENABLE_MODULES = YES;
				CLANG_ENABLE_OBJC_ARC = YES;
				CLANG_WARN_BOOL_CONVERSION = YES;
				CLANG_WARN_CONSTANT_CONVERSION = YES;
				CLANG_WARN_DIRECT_OBJC_ISA_USAGE = YES_ERROR;
				CLANG_WARN_EMPTY_BODY = YES;
				CLANG_WARN_ENUM_CONVERSION = YES;
				CLANG_WARN_INFINITE_RECURSION = YES;
				CLANG_WARN_INT_CONVERSION = YES;
				CLANG_WARN_OBJC_ROOT_CLASS = YES_ERROR;
				CLANG_WARN_SUSPICIOUS_MOVE = YES;
				CLANG_WARN_UNREACHABLE_CODE = YES;
				CLANG_WARN__DUPLICATE_METHOD_MATCH = YES;
				CODE_SIGN_IDENTITY = "-";
				COPY_PHASE_STRIP = NO;
				ENABLE_STRICT_OBJC_MSGSEND = YES;
				ENABLE_TESTABILITY = YES;
				GCC_C_LANGUAGE_STANDARD = gnu99;
				GCC_DYNAMIC_NO_PIC = NO;
				GCC_NO_COMMON_BLOCKS = YES;
				GCC_OPTIMIZATION_LEVEL = 0;
				GCC_PREPROCESSOR_DEFINITIONS = (
					"DEBUG=1",
					"$(inherited)",
				);
				GCC_SYMBOLS_PRIVATE_EXTERN = NO;
				GCC_WARN_64_TO_32_BIT_CONVERSION = YES;
				GCC_WARN_ABOUT_RETURN_TYPE = YES_ERROR;
				GCC_WARN_UNDECLARED_SELECTOR = YES;
				GCC_WARN_UNINITIALIZED_AUTOS = YES_AGGRESSIVE;
				GCC_WARN_UNUSED_FUNCTION = YES;
				GCC_WARN_UNUSED_VARIABLE = YES;
				MACOSX_DEPLOYMENT_TARGET = 10.10;
				MTL_ENABLE_DEBUG_INFO = YES;
				ONLY_ACTIVE_ARCH = YES;
				SDKROOT = macosx;
			};
			name = Debug;
		};
		F4592A1F1AB475D000041A6C /* Release */ = {
			isa = XCBuildConfiguration;
			buildSettings = {
				ALWAYS_SEARCH_USER_PATHS = NO;
				CLANG_CXX_LANGUAGE_STANDARD = "gnu++0x";
				CLANG_CXX_LIBRARY = "libc++";
				CLANG_ENABLE_MODULES = YES;
				CLANG_ENABLE_OBJC_ARC = YES;
				CLANG_WARN_BOOL_CONVERSION = YES;
				CLANG_WARN_CONSTANT_CONVERSION = YES;
				CLANG_WARN_DIRECT_OBJC_ISA_USAGE = YES_ERROR;
				CLANG_WARN_EMPTY_BODY = YES;
				CLANG_WARN_ENUM_CONVERSION = YES;
				CLANG_WARN_INFINITE_RECURSION = YES;
				CLANG_WARN_INT_CONVERSION = YES;
				CLANG_WARN_OBJC_ROOT_CLASS = YES_ERROR;
				CLANG_WARN_SUSPICIOUS_MOVE = YES;
				CLANG_WARN_UNREACHABLE_CODE = YES;
				CLANG_WARN__DUPLICATE_METHOD_MATCH = YES;
				CODE_SIGN_IDENTITY = "-";
				COPY_PHASE_STRIP = NO;
				DEBUG_INFORMATION_FORMAT = "dwarf-with-dsym";
				ENABLE_NS_ASSERTIONS = NO;
				ENABLE_STRICT_OBJC_MSGSEND = YES;
				GCC_C_LANGUAGE_STANDARD = gnu99;
				GCC_NO_COMMON_BLOCKS = YES;
				GCC_WARN_64_TO_32_BIT_CONVERSION = YES;
				GCC_WARN_ABOUT_RETURN_TYPE = YES_ERROR;
				GCC_WARN_UNDECLARED_SELECTOR = YES;
				GCC_WARN_UNINITIALIZED_AUTOS = YES_AGGRESSIVE;
				GCC_WARN_UNUSED_FUNCTION = YES;
				GCC_WARN_UNUSED_VARIABLE = YES;
				MACOSX_DEPLOYMENT_TARGET = 10.10;
				MTL_ENABLE_DEBUG_INFO = NO;
				SDKROOT = macosx;
			};
			name = Release;
		};
		F4592A211AB475D000041A6C /* Debug */ = {
			isa = XCBuildConfiguration;
			baseConfigurationReference = DC2EADEF87C1C11E371F946F /* Pods-Knuff.debug.xcconfig */;
			buildSettings = {
				ASSETCATALOG_COMPILER_APPICON_NAME = AppIcon;
				CODE_SIGN_IDENTITY = "Mac Developer";
				"CODE_SIGN_IDENTITY[sdk=macosx*]" = "Mac Developer";
				COMBINE_HIDPI_IMAGES = YES;
				DEVELOPMENT_TEAM = N2ML8MSSRH;
				FRAMEWORK_SEARCH_PATHS = (
					"$(inherited)",
					"$(PROJECT_DIR)",
				);
				INFOPLIST_FILE = Knuff/Info.plist;
				LD_RUNPATH_SEARCH_PATHS = "$(inherited) @executable_path/../Frameworks";
				MACOSX_DEPLOYMENT_TARGET = 10.11;
				PRODUCT_BUNDLE_IDENTIFIER = "com.madebybowtie.Knuff-OSX";
				PRODUCT_NAME = Knuff;
				PROVISIONING_PROFILE = "";
				SWIFT_VERSION = 3.0;
			};
			name = Debug;
		};
		F4592A221AB475D000041A6C /* Release */ = {
			isa = XCBuildConfiguration;
			baseConfigurationReference = 9770263A3A3A9B43628811DF /* Pods-Knuff.release.xcconfig */;
			buildSettings = {
				ASSETCATALOG_COMPILER_APPICON_NAME = AppIcon;
				CODE_SIGN_IDENTITY = "Mac Developer";
				"CODE_SIGN_IDENTITY[sdk=macosx*]" = "Mac Developer";
				COMBINE_HIDPI_IMAGES = YES;
				DEVELOPMENT_TEAM = N2ML8MSSRH;
				FRAMEWORK_SEARCH_PATHS = (
					"$(inherited)",
					"$(PROJECT_DIR)",
				);
				INFOPLIST_FILE = Knuff/Info.plist;
				LD_RUNPATH_SEARCH_PATHS = "$(inherited) @executable_path/../Frameworks";
				MACOSX_DEPLOYMENT_TARGET = 10.11;
				PRODUCT_BUNDLE_IDENTIFIER = "com.madebybowtie.Knuff-OSX";
				PRODUCT_NAME = Knuff;
				PROVISIONING_PROFILE = "";
				SWIFT_VERSION = 3.0;
			};
			name = Release;
		};
/* End XCBuildConfiguration section */

/* Begin XCConfigurationList section */
		F45929F81AB475D000041A6C /* Build configuration list for PBXProject "Knuff" */ = {
			isa = XCConfigurationList;
			buildConfigurations = (
				F4592A1E1AB475D000041A6C /* Debug */,
				F4592A1F1AB475D000041A6C /* Release */,
			);
			defaultConfigurationIsVisible = 0;
			defaultConfigurationName = Release;
		};
		F4592A201AB475D000041A6C /* Build configuration list for PBXNativeTarget "Knuff" */ = {
			isa = XCConfigurationList;
			buildConfigurations = (
				F4592A211AB475D000041A6C /* Debug */,
				F4592A221AB475D000041A6C /* Release */,
			);
			defaultConfigurationIsVisible = 0;
			defaultConfigurationName = Release;
		};
/* End XCConfigurationList section */
	};
	rootObject = F45929F51AB475D000041A6C /* Project object */;
}
