// !$*UTF8*$!
{
	archiveVersion = 1;
	classes = {
	};
	objectVersion = 46;
	objects = {

/* Begin PBXBuildFile section */
		F4308B8E177FB62200C88FD9 /* InfoPlist.strings in Resources */ = {isa = PBXBuildFile; fileRef = F4308B8C177FB62200C88FD9 /* InfoPlist.strings */; };
		F4308B90177FB62200C88FD9 /* main.m in Sources */ = {isa = PBXBuildFile; fileRef = F4308B8F177FB62200C88FD9 /* main.m */; };
		F4308B94177FB62200C88FD9 /* SBAppDelegate.m in Sources */ = {isa = PBXBuildFile; fileRef = F4308B93177FB62200C88FD9 /* SBAppDelegate.m */; };
		F4308B96177FB62200C88FD9 /* Default.png in Resources */ = {isa = PBXBuildFile; fileRef = F4308B95177FB62200C88FD9 /* Default.png */; };
		F4308B98177FB62200C88FD9 /* Default@2x.png in Resources */ = {isa = PBXBuildFile; fileRef = F4308B97177FB62200C88FD9 /* Default@2x.png */; };
		F4308B9A177FB62200C88FD9 /* Default-568h@2x.png in Resources */ = {isa = PBXBuildFile; fileRef = F4308B99177FB62200C88FD9 /* Default-568h@2x.png */; };
		F4308B9D177FB62200C88FD9 /* SBViewController.m in Sources */ = {isa = PBXBuildFile; fileRef = F4308B9C177FB62200C88FD9 /* SBViewController.m */; };
		F4308BA0177FB62200C88FD9 /* SBViewController.xib in Resources */ = {isa = PBXBuildFile; fileRef = F4308B9E177FB62200C88FD9 /* SBViewController.xib */; };
		F4308BAC177FB66A00C88FD9 /* CoreFoundation.framework in Frameworks */ = {isa = PBXBuildFile; fileRef = F4308BAB177FB66A00C88FD9 /* CoreFoundation.framework */; };
		F4308BAE177FB67300C88FD9 /* CoreGraphics.framework in Frameworks */ = {isa = PBXBuildFile; fileRef = F4308BAD177FB67300C88FD9 /* CoreGraphics.framework */; };
		F4308BB0177FB67900C88FD9 /* Foundation.framework in Frameworks */ = {isa = PBXBuildFile; fileRef = F4308BAF177FB67900C88FD9 /* Foundation.framework */; };
		F4308BB2177FB68000C88FD9 /* UIKit.framework in Frameworks */ = {isa = PBXBuildFile; fileRef = F4308BB1177FB67F00C88FD9 /* UIKit.framework */; };
		F4308BB4177FB68600C88FD9 /* CFNetwork.framework in Frameworks */ = {isa = PBXBuildFile; fileRef = F4308BB3177FB68600C88FD9 /* CFNetwork.framework */; };
		F4308BB6177FB68C00C88FD9 /* Security.framework in Frameworks */ = {isa = PBXBuildFile; fileRef = F4308BB5177FB68C00C88FD9 /* Security.framework */; };
		F4308BB7177FB7D000C88FD9 /* GCDAsyncSocket.m in Sources */ = {isa = PBXBuildFile; fileRef = F4D519CB1641E99700B56232 /* GCDAsyncSocket.m */; settings = {COMPILER_FLAGS = "-fno-objc-arc"; }; };
		F4308BB8177FB7D800C88FD9 /* SBNetServiceSearcher.m in Sources */ = {isa = PBXBuildFile; fileRef = F4D519B01641D70F00B56232 /* SBNetServiceSearcher.m */; };
		F4308BB9177FB7DF00C88FD9 /* SBAPNS.m in Sources */ = {isa = PBXBuildFile; fileRef = F4AAA0FE144716EA00C628FA /* SBAPNS.m */; };
		F4308BC3177FBA0300C88FD9 /* apns.p12 in Resources */ = {isa = PBXBuildFile; fileRef = F4308BC2177FBA0300C88FD9 /* apns.p12 */; };
		F4308BC7177FCB7E00C88FD9 /* SBAPNSHelper.m in Sources */ = {isa = PBXBuildFile; fileRef = F4308BC6177FCB7E00C88FD9 /* SBAPNSHelper.m */; };
		F43651BD1446351A00D06B63 /* Cocoa.framework in Frameworks */ = {isa = PBXBuildFile; fileRef = F43651BC1446351A00D06B63 /* Cocoa.framework */; };
		F43651C71446351A00D06B63 /* InfoPlist.strings in Resources */ = {isa = PBXBuildFile; fileRef = F43651C51446351A00D06B63 /* InfoPlist.strings */; };
		F43651C91446351A00D06B63 /* main.m in Sources */ = {isa = PBXBuildFile; fileRef = F43651C81446351A00D06B63 /* main.m */; };
		F43651CD1446351A00D06B63 /* Credits.rtf in Resources */ = {isa = PBXBuildFile; fileRef = F43651CB1446351A00D06B63 /* Credits.rtf */; };
		F43651D01446351A00D06B63 /* SBAppDelegate.m in Sources */ = {isa = PBXBuildFile; fileRef = F43651CF1446351A00D06B63 /* SBAppDelegate.m */; };
		F43651D31446351B00D06B63 /* MainMenu.xib in Resources */ = {isa = PBXBuildFile; fileRef = F43651D11446351B00D06B63 /* MainMenu.xib */; };
		F47459A5162308AE00C91CEB /* MGSFragaria.framework in Frameworks */ = {isa = PBXBuildFile; fileRef = F474599E1623087D00C91CEB /* MGSFragaria.framework */; };
		F47459A91623090B00C91CEB /* MGSFragaria.framework in CopyFiles */ = {isa = PBXBuildFile; fileRef = F474599E1623087D00C91CEB /* MGSFragaria.framework */; };
		F4A2F6A81446CB900087247D /* Security.framework in Frameworks */ = {isa = PBXBuildFile; fileRef = F4A2F6A61446CB900087247D /* Security.framework */; };
		F4A2F6A91446CB900087247D /* SecurityInterface.framework in Frameworks */ = {isa = PBXBuildFile; fileRef = F4A2F6A71446CB900087247D /* SecurityInterface.framework */; };
		F4AAA0FF144716EA00C628FA /* SBAPNS.m in Sources */ = {isa = PBXBuildFile; fileRef = F4AAA0FE144716EA00C628FA /* SBAPNS.m */; };
		F4D519B11641D70F00B56232 /* SBNetServiceSearcher.m in Sources */ = {isa = PBXBuildFile; fileRef = F4D519B01641D70F00B56232 /* SBNetServiceSearcher.m */; };
		F4D519CE1641E99700B56232 /* GCDAsyncSocket.m in Sources */ = {isa = PBXBuildFile; fileRef = F4D519CB1641E99700B56232 /* GCDAsyncSocket.m */; settings = {COMPILER_FLAGS = "-fno-objc-arc"; }; };
/* End PBXBuildFile section */

/* Begin PBXContainerItemProxy section */
		F47459971623087D00C91CEB /* PBXContainerItemProxy */ = {
			isa = PBXContainerItemProxy;
			containerPortal = F474598A1623087D00C91CEB /* Fragaria.xcodeproj */;
			proxyType = 2;
			remoteGlobalIDString = AB648E2A11FB385700AEF7BD;
			remoteInfo = "Fragaria Doc";
		};
		F47459991623087D00C91CEB /* PBXContainerItemProxy */ = {
			isa = PBXContainerItemProxy;
			containerPortal = F474598A1623087D00C91CEB /* Fragaria.xcodeproj */;
			proxyType = 2;
			remoteGlobalIDString = 8D1107320486CEB800E47090;
			remoteInfo = "Fragaria GC";
		};
		F474599B1623087D00C91CEB /* PBXContainerItemProxy */ = {
			isa = PBXContainerItemProxy;
			containerPortal = F474598A1623087D00C91CEB /* Fragaria.xcodeproj */;
			proxyType = 2;
			remoteGlobalIDString = ABCA4DAF16137FC000E4849B;
			remoteInfo = Fragaria;
		};
		F474599D1623087D00C91CEB /* PBXContainerItemProxy */ = {
			isa = PBXContainerItemProxy;
			containerPortal = F474598A1623087D00C91CEB /* Fragaria.xcodeproj */;
			proxyType = 2;
			remoteGlobalIDString = AB69B62B118B745700903D1D;
			remoteInfo = MGSFragaria;
		};
		F47459AA1623092C00C91CEB /* PBXContainerItemProxy */ = {
			isa = PBXContainerItemProxy;
			containerPortal = F474598A1623087D00C91CEB /* Fragaria.xcodeproj */;
			proxyType = 1;
			remoteGlobalIDString = AB69B62A118B745700903D1D;
			remoteInfo = MGSFragaria;
		};
/* End PBXContainerItemProxy section */

/* Begin PBXCopyFilesBuildPhase section */
		F47459A6162308B900C91CEB /* CopyFiles */ = {
			isa = PBXCopyFilesBuildPhase;
			buildActionMask = 2147483647;
			dstPath = "";
			dstSubfolderSpec = 10;
			files = (
				F47459A91623090B00C91CEB /* MGSFragaria.framework in CopyFiles */,
			);
			runOnlyForDeploymentPostprocessing = 0;
		};
/* End PBXCopyFilesBuildPhase section */

/* Begin PBXFileReference section */
		F4308B82177FB62100C88FD9 /* iOS APNS Pusher.app */ = {isa = PBXFileReference; explicitFileType = wrapper.application; includeInIndex = 0; path = "iOS APNS Pusher.app"; sourceTree = BUILT_PRODUCTS_DIR; };
		F4308B8B177FB62200C88FD9 /* iOS APNS Pusher-Info.plist */ = {isa = PBXFileReference; lastKnownFileType = text.plist.xml; path = "iOS APNS Pusher-Info.plist"; sourceTree = "<group>"; };
		F4308B8D177FB62200C88FD9 /* en */ = {isa = PBXFileReference; lastKnownFileType = text.plist.strings; name = en; path = en.lproj/InfoPlist.strings; sourceTree = "<group>"; };
		F4308B8F177FB62200C88FD9 /* main.m */ = {isa = PBXFileReference; lastKnownFileType = sourcecode.c.objc; path = main.m; sourceTree = "<group>"; };
		F4308B91177FB62200C88FD9 /* iOS APNS Pusher-Prefix.pch */ = {isa = PBXFileReference; lastKnownFileType = sourcecode.c.h; path = "iOS APNS Pusher-Prefix.pch"; sourceTree = "<group>"; };
		F4308B92177FB62200C88FD9 /* SBAppDelegate.h */ = {isa = PBXFileReference; lastKnownFileType = sourcecode.c.h; path = SBAppDelegate.h; sourceTree = "<group>"; };
		F4308B93177FB62200C88FD9 /* SBAppDelegate.m */ = {isa = PBXFileReference; lastKnownFileType = sourcecode.c.objc; path = SBAppDelegate.m; sourceTree = "<group>"; };
		F4308B95177FB62200C88FD9 /* Default.png */ = {isa = PBXFileReference; lastKnownFileType = image.png; path = Default.png; sourceTree = "<group>"; };
		F4308B97177FB62200C88FD9 /* Default@2x.png */ = {isa = PBXFileReference; lastKnownFileType = image.png; path = "Default@2x.png"; sourceTree = "<group>"; };
		F4308B99177FB62200C88FD9 /* Default-568h@2x.png */ = {isa = PBXFileReference; lastKnownFileType = image.png; path = "Default-568h@2x.png"; sourceTree = "<group>"; };
		F4308B9B177FB62200C88FD9 /* SBViewController.h */ = {isa = PBXFileReference; lastKnownFileType = sourcecode.c.h; path = SBViewController.h; sourceTree = "<group>"; };
		F4308B9C177FB62200C88FD9 /* SBViewController.m */ = {isa = PBXFileReference; lastKnownFileType = sourcecode.c.objc; path = SBViewController.m; sourceTree = "<group>"; };
		F4308B9F177FB62200C88FD9 /* en */ = {isa = PBXFileReference; lastKnownFileType = file.xib; name = en; path = en.lproj/SBViewController.xib; sourceTree = "<group>"; };
		F4308BAB177FB66A00C88FD9 /* CoreFoundation.framework */ = {isa = PBXFileReference; lastKnownFileType = wrapper.framework; name = CoreFoundation.framework; path = Platforms/iPhoneOS.platform/Developer/SDKs/iPhoneOS6.1.sdk/System/Library/Frameworks/CoreFoundation.framework; sourceTree = DEVELOPER_DIR; };
		F4308BAD177FB67300C88FD9 /* CoreGraphics.framework */ = {isa = PBXFileReference; lastKnownFileType = wrapper.framework; name = CoreGraphics.framework; path = Platforms/iPhoneOS.platform/Developer/SDKs/iPhoneOS6.1.sdk/System/Library/Frameworks/CoreGraphics.framework; sourceTree = DEVELOPER_DIR; };
		F4308BAF177FB67900C88FD9 /* Foundation.framework */ = {isa = PBXFileReference; lastKnownFileType = wrapper.framework; name = Foundation.framework; path = Platforms/iPhoneOS.platform/Developer/SDKs/iPhoneOS6.1.sdk/System/Library/Frameworks/Foundation.framework; sourceTree = DEVELOPER_DIR; };
		F4308BB1177FB67F00C88FD9 /* UIKit.framework */ = {isa = PBXFileReference; lastKnownFileType = wrapper.framework; name = UIKit.framework; path = Platforms/iPhoneOS.platform/Developer/SDKs/iPhoneOS6.1.sdk/System/Library/Frameworks/UIKit.framework; sourceTree = DEVELOPER_DIR; };
		F4308BB3177FB68600C88FD9 /* CFNetwork.framework */ = {isa = PBXFileReference; lastKnownFileType = wrapper.framework; name = CFNetwork.framework; path = Platforms/iPhoneOS.platform/Developer/SDKs/iPhoneOS6.1.sdk/System/Library/Frameworks/CFNetwork.framework; sourceTree = DEVELOPER_DIR; };
		F4308BB5177FB68C00C88FD9 /* Security.framework */ = {isa = PBXFileReference; lastKnownFileType = wrapper.framework; name = Security.framework; path = Platforms/iPhoneOS.platform/Developer/SDKs/iPhoneOS6.1.sdk/System/Library/Frameworks/Security.framework; sourceTree = DEVELOPER_DIR; };
		F4308BC2177FBA0300C88FD9 /* apns.p12 */ = {isa = PBXFileReference; lastKnownFileType = file; path = apns.p12; sourceTree = "<group>"; };
		F4308BC5177FCB7E00C88FD9 /* SBAPNSHelper.h */ = {isa = PBXFileReference; fileEncoding = 4; lastKnownFileType = sourcecode.c.h; path = SBAPNSHelper.h; sourceTree = "<group>"; };
		F4308BC6177FCB7E00C88FD9 /* SBAPNSHelper.m */ = {isa = PBXFileReference; fileEncoding = 4; lastKnownFileType = sourcecode.c.objc; path = SBAPNSHelper.m; sourceTree = "<group>"; };
		F43651B81446351A00D06B63 /* APNS Pusher.app */ = {isa = PBXFileReference; explicitFileType = wrapper.application; includeInIndex = 0; path = "APNS Pusher.app"; sourceTree = BUILT_PRODUCTS_DIR; };
		F43651BC1446351A00D06B63 /* Cocoa.framework */ = {isa = PBXFileReference; lastKnownFileType = wrapper.framework; name = Cocoa.framework; path = System/Library/Frameworks/Cocoa.framework; sourceTree = SDKROOT; };
		F43651BF1446351A00D06B63 /* AppKit.framework */ = {isa = PBXFileReference; lastKnownFileType = wrapper.framework; name = AppKit.framework; path = System/Library/Frameworks/AppKit.framework; sourceTree = SDKROOT; };
		F43651C01446351A00D06B63 /* CoreData.framework */ = {isa = PBXFileReference; lastKnownFileType = wrapper.framework; name = CoreData.framework; path = System/Library/Frameworks/CoreData.framework; sourceTree = SDKROOT; };
		F43651C11446351A00D06B63 /* Foundation.framework */ = {isa = PBXFileReference; lastKnownFileType = wrapper.framework; name = Foundation.framework; path = System/Library/Frameworks/Foundation.framework; sourceTree = SDKROOT; };
		F43651C41446351A00D06B63 /* APNS Pusher-Info.plist */ = {isa = PBXFileReference; lastKnownFileType = text.plist.xml; path = "APNS Pusher-Info.plist"; sourceTree = "<group>"; };
		F43651C61446351A00D06B63 /* en */ = {isa = PBXFileReference; lastKnownFileType = text.plist.strings; name = en; path = en.lproj/InfoPlist.strings; sourceTree = "<group>"; };
		F43651C81446351A00D06B63 /* main.m */ = {isa = PBXFileReference; lastKnownFileType = sourcecode.c.objc; path = main.m; sourceTree = "<group>"; };
		F43651CA1446351A00D06B63 /* APNS Pusher-Prefix.pch */ = {isa = PBXFileReference; lastKnownFileType = sourcecode.c.h; path = "APNS Pusher-Prefix.pch"; sourceTree = "<group>"; };
		F43651CC1446351A00D06B63 /* en */ = {isa = PBXFileReference; lastKnownFileType = text.rtf; name = en; path = en.lproj/Credits.rtf; sourceTree = "<group>"; };
		F43651CE1446351A00D06B63 /* SBAppDelegate.h */ = {isa = PBXFileReference; lastKnownFileType = sourcecode.c.h; path = SBAppDelegate.h; sourceTree = "<group>"; };
		F43651CF1446351A00D06B63 /* SBAppDelegate.m */ = {isa = PBXFileReference; lastKnownFileType = sourcecode.c.objc; path = SBAppDelegate.m; sourceTree = "<group>"; };
		F43651D21446351B00D06B63 /* en */ = {isa = PBXFileReference; lastKnownFileType = file.xib; name = en; path = en.lproj/MainMenu.xib; sourceTree = "<group>"; };
		F474598A1623087D00C91CEB /* Fragaria.xcodeproj */ = {isa = PBXFileReference; lastKnownFileType = "wrapper.pb-project"; path = Fragaria.xcodeproj; sourceTree = "<group>"; };
		F4A2F6A61446CB900087247D /* Security.framework */ = {isa = PBXFileReference; lastKnownFileType = wrapper.framework; name = Security.framework; path = System/Library/Frameworks/Security.framework; sourceTree = SDKROOT; };
		F4A2F6A71446CB900087247D /* SecurityInterface.framework */ = {isa = PBXFileReference; lastKnownFileType = wrapper.framework; name = SecurityInterface.framework; path = System/Library/Frameworks/SecurityInterface.framework; sourceTree = SDKROOT; };
		F4AAA0FD144716EA00C628FA /* SBAPNS.h */ = {isa = PBXFileReference; fileEncoding = 4; lastKnownFileType = sourcecode.c.h; path = SBAPNS.h; sourceTree = "<group>"; };
		F4AAA0FE144716EA00C628FA /* SBAPNS.m */ = {isa = PBXFileReference; fileEncoding = 4; lastKnownFileType = sourcecode.c.objc; path = SBAPNS.m; sourceTree = "<group>"; };
		F4D519AF1641D70F00B56232 /* SBNetServiceSearcher.h */ = {isa = PBXFileReference; fileEncoding = 4; lastKnownFileType = sourcecode.c.h; path = SBNetServiceSearcher.h; sourceTree = "<group>"; };
		F4D519B01641D70F00B56232 /* SBNetServiceSearcher.m */ = {isa = PBXFileReference; fileEncoding = 4; lastKnownFileType = sourcecode.c.objc; path = SBNetServiceSearcher.m; sourceTree = "<group>"; };
		F4D519CA1641E99700B56232 /* GCDAsyncSocket.h */ = {isa = PBXFileReference; fileEncoding = 4; lastKnownFileType = sourcecode.c.h; path = GCDAsyncSocket.h; sourceTree = "<group>"; };
		F4D519CB1641E99700B56232 /* GCDAsyncSocket.m */ = {isa = PBXFileReference; fileEncoding = 4; lastKnownFileType = sourcecode.c.objc; path = GCDAsyncSocket.m; sourceTree = "<group>"; };
/* End PBXFileReference section */

/* Begin PBXFrameworksBuildPhase section */
		F4308B7F177FB62100C88FD9 /* Frameworks */ = {
			isa = PBXFrameworksBuildPhase;
			buildActionMask = 2147483647;
			files = (
				F4308BB6177FB68C00C88FD9 /* Security.framework in Frameworks */,
				F4308BB4177FB68600C88FD9 /* CFNetwork.framework in Frameworks */,
				F4308BB2177FB68000C88FD9 /* UIKit.framework in Frameworks */,
				F4308BB0177FB67900C88FD9 /* Foundation.framework in Frameworks */,
				F4308BAE177FB67300C88FD9 /* CoreGraphics.framework in Frameworks */,
				F4308BAC177FB66A00C88FD9 /* CoreFoundation.framework in Frameworks */,
			);
			runOnlyForDeploymentPostprocessing = 0;
		};
		F43651B51446351A00D06B63 /* Frameworks */ = {
			isa = PBXFrameworksBuildPhase;
			buildActionMask = 2147483647;
			files = (
				F47459A5162308AE00C91CEB /* MGSFragaria.framework in Frameworks */,
				F4A2F6A81446CB900087247D /* Security.framework in Frameworks */,
				F4A2F6A91446CB900087247D /* SecurityInterface.framework in Frameworks */,
				F43651BD1446351A00D06B63 /* Cocoa.framework in Frameworks */,
			);
			runOnlyForDeploymentPostprocessing = 0;
		};
/* End PBXFrameworksBuildPhase section */

/* Begin PBXGroup section */
		F4308B89177FB62100C88FD9 /* iOS APNS Pusher */ = {
			isa = PBXGroup;
			children = (
				F4308BC5177FCB7E00C88FD9 /* SBAPNSHelper.h */,
				F4308BC6177FCB7E00C88FD9 /* SBAPNSHelper.m */,
				F4308B92177FB62200C88FD9 /* SBAppDelegate.h */,
				F4308B93177FB62200C88FD9 /* SBAppDelegate.m */,
				F4308B9B177FB62200C88FD9 /* SBViewController.h */,
				F4308B9C177FB62200C88FD9 /* SBViewController.m */,
				F4308B9E177FB62200C88FD9 /* SBViewController.xib */,
				F4308B8A177FB62200C88FD9 /* Supporting Files */,
			);
			path = "iOS APNS Pusher";
			sourceTree = "<group>";
		};
		F4308B8A177FB62200C88FD9 /* Supporting Files */ = {
			isa = PBXGroup;
			children = (
				F4308BC2177FBA0300C88FD9 /* apns.p12 */,
				F4308B8B177FB62200C88FD9 /* iOS APNS Pusher-Info.plist */,
				F4308B8C177FB62200C88FD9 /* InfoPlist.strings */,
				F4308B8F177FB62200C88FD9 /* main.m */,
				F4308B91177FB62200C88FD9 /* iOS APNS Pusher-Prefix.pch */,
				F4308B95177FB62200C88FD9 /* Default.png */,
				F4308B97177FB62200C88FD9 /* Default@2x.png */,
				F4308B99177FB62200C88FD9 /* Default-568h@2x.png */,
			);
			name = "Supporting Files";
			sourceTree = "<group>";
		};
		F4308BAA177FB65400C88FD9 /* iOS */ = {
			isa = PBXGroup;
			children = (
				F4308BB5177FB68C00C88FD9 /* Security.framework */,
				F4308BB3177FB68600C88FD9 /* CFNetwork.framework */,
				F4308BB1177FB67F00C88FD9 /* UIKit.framework */,
				F4308BAF177FB67900C88FD9 /* Foundation.framework */,
				F4308BAD177FB67300C88FD9 /* CoreGraphics.framework */,
				F4308BAB177FB66A00C88FD9 /* CoreFoundation.framework */,
			);
			name = iOS;
			sourceTree = "<group>";
		};
		F43651AD1446351A00D06B63 = {
			isa = PBXGroup;
			children = (
				F47459881623085E00C91CEB /* Vendor */,
				F43651C21446351A00D06B63 /* APNS Pusher */,
				F4308B89177FB62100C88FD9 /* iOS APNS Pusher */,
				F43651BB1446351A00D06B63 /* Frameworks */,
				F43651B91446351A00D06B63 /* Products */,
			);
			sourceTree = "<group>";
		};
		F43651B91446351A00D06B63 /* Products */ = {
			isa = PBXGroup;
			children = (
				F43651B81446351A00D06B63 /* APNS Pusher.app */,
				F4308B82177FB62100C88FD9 /* iOS APNS Pusher.app */,
			);
			name = Products;
			sourceTree = "<group>";
		};
		F43651BB1446351A00D06B63 /* Frameworks */ = {
			isa = PBXGroup;
			children = (
				F4308BAA177FB65400C88FD9 /* iOS */,
				F4A2F6A61446CB900087247D /* Security.framework */,
				F4A2F6A71446CB900087247D /* SecurityInterface.framework */,
				F43651BC1446351A00D06B63 /* Cocoa.framework */,
				F43651BE1446351A00D06B63 /* Other Frameworks */,
			);
			name = Frameworks;
			sourceTree = "<group>";
		};
		F43651BE1446351A00D06B63 /* Other Frameworks */ = {
			isa = PBXGroup;
			children = (
				F43651BF1446351A00D06B63 /* AppKit.framework */,
				F43651C01446351A00D06B63 /* CoreData.framework */,
				F43651C11446351A00D06B63 /* Foundation.framework */,
			);
			name = "Other Frameworks";
			sourceTree = "<group>";
		};
		F43651C21446351A00D06B63 /* APNS Pusher */ = {
			isa = PBXGroup;
			children = (
				F4AAA0FD144716EA00C628FA /* SBAPNS.h */,
				F4AAA0FE144716EA00C628FA /* SBAPNS.m */,
				F43651CE1446351A00D06B63 /* SBAppDelegate.h */,
				F43651CF1446351A00D06B63 /* SBAppDelegate.m */,
				F43651D11446351B00D06B63 /* MainMenu.xib */,
				F43651C31446351A00D06B63 /* Supporting Files */,
				F4D519AF1641D70F00B56232 /* SBNetServiceSearcher.h */,
				F4D519B01641D70F00B56232 /* SBNetServiceSearcher.m */,
			);
			path = "APNS Pusher";
			sourceTree = "<group>";
		};
		F43651C31446351A00D06B63 /* Supporting Files */ = {
			isa = PBXGroup;
			children = (
				F43651C41446351A00D06B63 /* APNS Pusher-Info.plist */,
				F43651C51446351A00D06B63 /* InfoPlist.strings */,
				F43651C81446351A00D06B63 /* main.m */,
				F43651CA1446351A00D06B63 /* APNS Pusher-Prefix.pch */,
				F43651CB1446351A00D06B63 /* Credits.rtf */,
			);
			name = "Supporting Files";
			sourceTree = "<group>";
		};
		F47459881623085E00C91CEB /* Vendor */ = {
			isa = PBXGroup;
			children = (
				F4D519C91641E96900B56232 /* AsyncSocket */,
				F47459891623087100C91CEB /* Fragaria */,
			);
			path = Vendor;
			sourceTree = "<group>";
		};
		F47459891623087100C91CEB /* Fragaria */ = {
			isa = PBXGroup;
			children = (
				F474598A1623087D00C91CEB /* Fragaria.xcodeproj */,
			);
			path = Fragaria;
			sourceTree = "<group>";
		};
		F474598B1623087D00C91CEB /* Products */ = {
			isa = PBXGroup;
			children = (
				F47459981623087D00C91CEB /* Fragaria Doc.app */,
				F474599A1623087D00C91CEB /* Fragaria GC.app */,
				F474599C1623087D00C91CEB /* Fragaria.app */,
				F474599E1623087D00C91CEB /* MGSFragaria.framework */,
			);
			name = Products;
			sourceTree = "<group>";
		};
		F4D519C91641E96900B56232 /* AsyncSocket */ = {
			isa = PBXGroup;
			children = (
				F4D519CA1641E99700B56232 /* GCDAsyncSocket.h */,
				F4D519CB1641E99700B56232 /* GCDAsyncSocket.m */,
			);
			path = AsyncSocket;
			sourceTree = "<group>";
		};
/* End PBXGroup section */

/* Begin PBXNativeTarget section */
		F4308B81177FB62100C88FD9 /* iOS APNS Pusher */ = {
			isa = PBXNativeTarget;
			buildConfigurationList = F4308BA9177FB62200C88FD9 /* Build configuration list for PBXNativeTarget "iOS APNS Pusher" */;
			buildPhases = (
				F4308B7E177FB62100C88FD9 /* Sources */,
				F4308B7F177FB62100C88FD9 /* Frameworks */,
				F4308B80177FB62100C88FD9 /* Resources */,
			);
			buildRules = (
			);
			dependencies = (
			);
			name = "iOS APNS Pusher";
			productName = "iOS APNS Pusher";
			productReference = F4308B82177FB62100C88FD9 /* iOS APNS Pusher.app */;
			productType = "com.apple.product-type.application";
		};
		F43651B71446351A00D06B63 /* APNS Pusher */ = {
			isa = PBXNativeTarget;
			buildConfigurationList = F43651D61446351B00D06B63 /* Build configuration list for PBXNativeTarget "APNS Pusher" */;
			buildPhases = (
				F43651B41446351A00D06B63 /* Sources */,
				F43651B51446351A00D06B63 /* Frameworks */,
				F43651B61446351A00D06B63 /* Resources */,
				F47459A6162308B900C91CEB /* CopyFiles */,
			);
			buildRules = (
			);
			dependencies = (
				F47459AB1623092C00C91CEB /* PBXTargetDependency */,
			);
			name = "APNS Pusher";
			productName = "APNS Pusher";
			productReference = F43651B81446351A00D06B63 /* APNS Pusher.app */;
			productType = "com.apple.product-type.application";
		};
/* End PBXNativeTarget section */

/* Begin PBXProject section */
		F43651AF1446351A00D06B63 /* Project object */ = {
			isa = PBXProject;
			attributes = {
				LastUpgradeCheck = 0460;
				ORGANIZATIONNAME = Doubleint;
			};
			buildConfigurationList = F43651B21446351A00D06B63 /* Build configuration list for PBXProject "APNS Pusher" */;
			compatibilityVersion = "Xcode 3.2";
			developmentRegion = English;
			hasScannedForEncodings = 0;
			knownRegions = (
				en,
			);
			mainGroup = F43651AD1446351A00D06B63;
			productRefGroup = F43651B91446351A00D06B63 /* Products */;
			projectDirPath = "";
			projectReferences = (
				{
					ProductGroup = F474598B1623087D00C91CEB /* Products */;
					ProjectRef = F474598A1623087D00C91CEB /* Fragaria.xcodeproj */;
				},
			);
			projectRoot = "";
			targets = (
				F43651B71446351A00D06B63 /* APNS Pusher */,
				F4308B81177FB62100C88FD9 /* iOS APNS Pusher */,
			);
		};
/* End PBXProject section */

/* Begin PBXReferenceProxy section */
		F47459981623087D00C91CEB /* Fragaria Doc.app */ = {
			isa = PBXReferenceProxy;
			fileType = wrapper.application;
			path = "Fragaria Doc.app";
			remoteRef = F47459971623087D00C91CEB /* PBXContainerItemProxy */;
			sourceTree = BUILT_PRODUCTS_DIR;
		};
		F474599A1623087D00C91CEB /* Fragaria GC.app */ = {
			isa = PBXReferenceProxy;
			fileType = wrapper.application;
			path = "Fragaria GC.app";
			remoteRef = F47459991623087D00C91CEB /* PBXContainerItemProxy */;
			sourceTree = BUILT_PRODUCTS_DIR;
		};
		F474599C1623087D00C91CEB /* Fragaria.app */ = {
			isa = PBXReferenceProxy;
			fileType = wrapper.application;
			path = Fragaria.app;
			remoteRef = F474599B1623087D00C91CEB /* PBXContainerItemProxy */;
			sourceTree = BUILT_PRODUCTS_DIR;
		};
		F474599E1623087D00C91CEB /* MGSFragaria.framework */ = {
			isa = PBXReferenceProxy;
			fileType = wrapper.framework;
			path = MGSFragaria.framework;
			remoteRef = F474599D1623087D00C91CEB /* PBXContainerItemProxy */;
			sourceTree = BUILT_PRODUCTS_DIR;
		};
/* End PBXReferenceProxy section */

/* Begin PBXResourcesBuildPhase section */
		F4308B80177FB62100C88FD9 /* Resources */ = {
			isa = PBXResourcesBuildPhase;
			buildActionMask = 2147483647;
			files = (
				F4308B8E177FB62200C88FD9 /* InfoPlist.strings in Resources */,
				F4308B96177FB62200C88FD9 /* Default.png in Resources */,
				F4308B98177FB62200C88FD9 /* Default@2x.png in Resources */,
				F4308B9A177FB62200C88FD9 /* Default-568h@2x.png in Resources */,
				F4308BA0177FB62200C88FD9 /* SBViewController.xib in Resources */,
				F4308BC3177FBA0300C88FD9 /* apns.p12 in Resources */,
			);
			runOnlyForDeploymentPostprocessing = 0;
		};
		F43651B61446351A00D06B63 /* Resources */ = {
			isa = PBXResourcesBuildPhase;
			buildActionMask = 2147483647;
			files = (
				F43651C71446351A00D06B63 /* InfoPlist.strings in Resources */,
				F43651CD1446351A00D06B63 /* Credits.rtf in Resources */,
				F43651D31446351B00D06B63 /* MainMenu.xib in Resources */,
			);
			runOnlyForDeploymentPostprocessing = 0;
		};
/* End PBXResourcesBuildPhase section */

/* Begin PBXSourcesBuildPhase section */
		F4308B7E177FB62100C88FD9 /* Sources */ = {
			isa = PBXSourcesBuildPhase;
			buildActionMask = 2147483647;
			files = (
				F4308BB9177FB7DF00C88FD9 /* SBAPNS.m in Sources */,
				F4308BB8177FB7D800C88FD9 /* SBNetServiceSearcher.m in Sources */,
				F4308BB7177FB7D000C88FD9 /* GCDAsyncSocket.m in Sources */,
				F4308B90177FB62200C88FD9 /* main.m in Sources */,
				F4308B94177FB62200C88FD9 /* SBAppDelegate.m in Sources */,
				F4308B9D177FB62200C88FD9 /* SBViewController.m in Sources */,
				F4308BC7177FCB7E00C88FD9 /* SBAPNSHelper.m in Sources */,
			);
			runOnlyForDeploymentPostprocessing = 0;
		};
		F43651B41446351A00D06B63 /* Sources */ = {
			isa = PBXSourcesBuildPhase;
			buildActionMask = 2147483647;
			files = (
				F43651C91446351A00D06B63 /* main.m in Sources */,
				F43651D01446351A00D06B63 /* SBAppDelegate.m in Sources */,
				F4AAA0FF144716EA00C628FA /* SBAPNS.m in Sources */,
				F4D519B11641D70F00B56232 /* SBNetServiceSearcher.m in Sources */,
				F4D519CE1641E99700B56232 /* GCDAsyncSocket.m in Sources */,
			);
			runOnlyForDeploymentPostprocessing = 0;
		};
/* End PBXSourcesBuildPhase section */

/* Begin PBXTargetDependency section */
		F47459AB1623092C00C91CEB /* PBXTargetDependency */ = {
			isa = PBXTargetDependency;
			name = MGSFragaria;
			targetProxy = F47459AA1623092C00C91CEB /* PBXContainerItemProxy */;
		};
/* End PBXTargetDependency section */

/* Begin PBXVariantGroup section */
		F4308B8C177FB62200C88FD9 /* InfoPlist.strings */ = {
			isa = PBXVariantGroup;
			children = (
				F4308B8D177FB62200C88FD9 /* en */,
			);
			name = InfoPlist.strings;
			sourceTree = "<group>";
		};
		F4308B9E177FB62200C88FD9 /* SBViewController.xib */ = {
			isa = PBXVariantGroup;
			children = (
				F4308B9F177FB62200C88FD9 /* en */,
			);
			name = SBViewController.xib;
			sourceTree = "<group>";
		};
		F43651C51446351A00D06B63 /* InfoPlist.strings */ = {
			isa = PBXVariantGroup;
			children = (
				F43651C61446351A00D06B63 /* en */,
			);
			name = InfoPlist.strings;
			sourceTree = "<group>";
		};
		F43651CB1446351A00D06B63 /* Credits.rtf */ = {
			isa = PBXVariantGroup;
			children = (
				F43651CC1446351A00D06B63 /* en */,
			);
			name = Credits.rtf;
			sourceTree = "<group>";
		};
		F43651D11446351B00D06B63 /* MainMenu.xib */ = {
			isa = PBXVariantGroup;
			children = (
				F43651D21446351B00D06B63 /* en */,
			);
			name = MainMenu.xib;
			sourceTree = "<group>";
		};
/* End PBXVariantGroup section */

/* Begin XCBuildConfiguration section */
		F4308BA4177FB62200C88FD9 /* Debug */ = {
			isa = XCBuildConfiguration;
			buildSettings = {
				CLANG_CXX_LANGUAGE_STANDARD = "gnu++0x";
				CLANG_CXX_LIBRARY = "libc++";
				CLANG_WARN_CONSTANT_CONVERSION = YES;
				CLANG_WARN_EMPTY_BODY = YES;
				CLANG_WARN_ENUM_CONVERSION = YES;
				CLANG_WARN_INT_CONVERSION = YES;
				CLANG_WARN__DUPLICATE_METHOD_MATCH = YES;
				"CODE_SIGN_IDENTITY[sdk=iphoneos*]" = "iPhone Developer";
				FRAMEWORK_SEARCH_PATHS = (
					"$(inherited)",
					"\"$(SYSTEM_APPS_DIR)/Xcode.app/Contents/Developer/Library/Frameworks\"",
				);
				GCC_PRECOMPILE_PREFIX_HEADER = YES;
				GCC_PREFIX_HEADER = "iOS APNS Pusher/iOS APNS Pusher-Prefix.pch";
				GCC_WARN_UNINITIALIZED_AUTOS = YES;
				INFOPLIST_FILE = "iOS APNS Pusher/iOS APNS Pusher-Info.plist";
				IPHONEOS_DEPLOYMENT_TARGET = 6.1;
				PRODUCT_NAME = "$(TARGET_NAME)";
				SDKROOT = iphoneos;
				TARGETED_DEVICE_FAMILY = 1;
				WRAPPER_EXTENSION = app;
			};
			name = Debug;
		};
		F4308BA5177FB62200C88FD9 /* Release */ = {
			isa = XCBuildConfiguration;
			buildSettings = {
				CLANG_CXX_LANGUAGE_STANDARD = "gnu++0x";
				CLANG_CXX_LIBRARY = "libc++";
				CLANG_WARN_CONSTANT_CONVERSION = YES;
				CLANG_WARN_EMPTY_BODY = YES;
				CLANG_WARN_ENUM_CONVERSION = YES;
				CLANG_WARN_INT_CONVERSION = YES;
				CLANG_WARN__DUPLICATE_METHOD_MATCH = YES;
				"CODE_SIGN_IDENTITY[sdk=iphoneos*]" = "iPhone Developer";
				FRAMEWORK_SEARCH_PATHS = (
					"$(inherited)",
					"\"$(SYSTEM_APPS_DIR)/Xcode.app/Contents/Developer/Library/Frameworks\"",
				);
				GCC_PRECOMPILE_PREFIX_HEADER = YES;
				GCC_PREFIX_HEADER = "iOS APNS Pusher/iOS APNS Pusher-Prefix.pch";
				GCC_WARN_UNINITIALIZED_AUTOS = YES;
				INFOPLIST_FILE = "iOS APNS Pusher/iOS APNS Pusher-Info.plist";
				IPHONEOS_DEPLOYMENT_TARGET = 6.1;
				OTHER_CFLAGS = "-DNS_BLOCK_ASSERTIONS=1";
				PRODUCT_NAME = "$(TARGET_NAME)";
				SDKROOT = iphoneos;
				TARGETED_DEVICE_FAMILY = 1;
				VALIDATE_PRODUCT = YES;
				WRAPPER_EXTENSION = app;
			};
			name = Release;
		};
		F43651D41446351B00D06B63 /* Debug */ = {
			isa = XCBuildConfiguration;
			buildSettings = {
				ALWAYS_SEARCH_USER_PATHS = NO;
				ARCHS = "$(ARCHS_STANDARD_64_BIT)";
				CLANG_ENABLE_OBJC_ARC = YES;
				CLANG_WARN_CONSTANT_CONVERSION = YES;
				CLANG_WARN_ENUM_CONVERSION = YES;
				CLANG_WARN_INT_CONVERSION = YES;
				CLANG_WARN__DUPLICATE_METHOD_MATCH = YES;
				COPY_PHASE_STRIP = NO;
				GCC_C_LANGUAGE_STANDARD = gnu99;
				GCC_DYNAMIC_NO_PIC = NO;
				GCC_ENABLE_OBJC_EXCEPTIONS = YES;
				GCC_OPTIMIZATION_LEVEL = 0;
				GCC_PREPROCESSOR_DEFINITIONS = (
					"DEBUG=1",
					"$(inherited)",
				);
				GCC_SYMBOLS_PRIVATE_EXTERN = NO;
				GCC_VERSION = com.apple.compilers.llvm.clang.1_0;
				GCC_WARN_64_TO_32_BIT_CONVERSION = YES;
				GCC_WARN_ABOUT_MISSING_PROTOTYPES = YES;
				GCC_WARN_ABOUT_RETURN_TYPE = YES;
				GCC_WARN_UNINITIALIZED_AUTOS = YES;
				GCC_WARN_UNUSED_VARIABLE = YES;
				MACOSX_DEPLOYMENT_TARGET = 10.7;
				ONLY_ACTIVE_ARCH = YES;
				SDKROOT = macosx;
			};
			name = Debug;
		};
		F43651D51446351B00D06B63 /* Release */ = {
			isa = XCBuildConfiguration;
			buildSettings = {
				ALWAYS_SEARCH_USER_PATHS = NO;
				ARCHS = "$(ARCHS_STANDARD_64_BIT)";
				CLANG_ENABLE_OBJC_ARC = YES;
				CLANG_WARN_CONSTANT_CONVERSION = YES;
				CLANG_WARN_ENUM_CONVERSION = YES;
				CLANG_WARN_INT_CONVERSION = YES;
				CLANG_WARN__DUPLICATE_METHOD_MATCH = YES;
				COPY_PHASE_STRIP = YES;
				DEBUG_INFORMATION_FORMAT = "dwarf-with-dsym";
				GCC_C_LANGUAGE_STANDARD = gnu99;
				GCC_ENABLE_OBJC_EXCEPTIONS = YES;
				GCC_VERSION = com.apple.compilers.llvm.clang.1_0;
				GCC_WARN_64_TO_32_BIT_CONVERSION = YES;
				GCC_WARN_ABOUT_MISSING_PROTOTYPES = YES;
				GCC_WARN_ABOUT_RETURN_TYPE = YES;
				GCC_WARN_UNINITIALIZED_AUTOS = YES;
				GCC_WARN_UNUSED_VARIABLE = YES;
				MACOSX_DEPLOYMENT_TARGET = 10.7;
				SDKROOT = macosx;
			};
			name = Release;
		};
		F43651D71446351B00D06B63 /* Debug */ = {
			isa = XCBuildConfiguration;
			buildSettings = {
				COMBINE_HIDPI_IMAGES = YES;
				GCC_PRECOMPILE_PREFIX_HEADER = YES;
				GCC_PREFIX_HEADER = "APNS Pusher/APNS Pusher-Prefix.pch";
				INFOPLIST_FILE = "APNS Pusher/APNS Pusher-Info.plist";
				MACOSX_DEPLOYMENT_TARGET = 10.8;
				PRODUCT_NAME = "$(TARGET_NAME)";
				WRAPPER_EXTENSION = app;
			};
			name = Debug;
		};
		F43651D81446351B00D06B63 /* Release */ = {
			isa = XCBuildConfiguration;
			buildSettings = {
				COMBINE_HIDPI_IMAGES = YES;
				GCC_PRECOMPILE_PREFIX_HEADER = YES;
				GCC_PREFIX_HEADER = "APNS Pusher/APNS Pusher-Prefix.pch";
				INFOPLIST_FILE = "APNS Pusher/APNS Pusher-Info.plist";
				MACOSX_DEPLOYMENT_TARGET = 10.8;
				PRODUCT_NAME = "$(TARGET_NAME)";
				WRAPPER_EXTENSION = app;
			};
			name = Release;
		};
/* End XCBuildConfiguration section */

/* Begin XCConfigurationList section */
		F4308BA9177FB62200C88FD9 /* Build configuration list for PBXNativeTarget "iOS APNS Pusher" */ = {
			isa = XCConfigurationList;
			buildConfigurations = (
				F4308BA4177FB62200C88FD9 /* Debug */,
				F4308BA5177FB62200C88FD9 /* Release */,
			);
			defaultConfigurationIsVisible = 0;
			defaultConfigurationName = Release;
		};
		F43651B21446351A00D06B63 /* Build configuration list for PBXProject "APNS Pusher" */ = {
			isa = XCConfigurationList;
			buildConfigurations = (
				F43651D41446351B00D06B63 /* Debug */,
				F43651D51446351B00D06B63 /* Release */,
			);
			defaultConfigurationIsVisible = 0;
			defaultConfigurationName = Release;
		};
		F43651D61446351B00D06B63 /* Build configuration list for PBXNativeTarget "APNS Pusher" */ = {
			isa = XCConfigurationList;
			buildConfigurations = (
				F43651D71446351B00D06B63 /* Debug */,
				F43651D81446351B00D06B63 /* Release */,
			);
			defaultConfigurationIsVisible = 0;
			defaultConfigurationName = Release;
		};
/* End XCConfigurationList section */
	};
	rootObject = F43651AF1446351A00D06B63 /* Project object */;
}
